# This file is generated by gogradle automatically, you should NEVER modify it manually.
---
apiVersion: "0.11.3"
dependencies:
  build:
  - urls:
    - "https://github.com/golang/example.git"
    - "git@github.com:golang/example.git"
    vcs: "git"
    name: "github.com/golang/example"
    commit: "0dea2d0bf90754ffa40e0cb2f23b638f3e3d7e09"
    transitive: false
  - vcs: "git"
    name: "golang.org/x/crypto"
    commit: "e1dfcc566284e143ba8f9afbb3fa563f2a0d212b"
    url: "https://github.com/golang/crypto"
    transitive: false
  - vcs: "git"
    name: "golang.org/x/net"
    commit: "f4e77d36d62c17c2336347bb2670ddbd02d092b7"
    url: "https://github.com/golang/net"
    transitive: false
  - vcs: "git"
    name: "golang.org/x/sync"
    commit: "112230192c580c3556b8cee6403af37a4fc5f28c"
    url: "https://github.com/golang/sync"
    transitive: false
  - vcs: "git"
    name: "golang.org/x/sys"
    commit: "ecd444e8653b66b20d764e53c22e3e615eea5fae"
    url: "https://github.com/golang/sys"
    transitive: false
  - vcs: "git"
    name: "golang.org/x/text"
    commit: "342b2e1fbaa52c93f31447ad2c6abc048c63e475"
    url: "https://github.com/golang/text"
    transitive: false
  - vcs: "git"
    name: "golang.org/x/tools"
    commit: "2d16b83fe98cd1bed9e2ce9fdc86bd438d14aab7"
    url: "https://github.com/golang/tools"
    transitive: false
  test: []
